// !$*UTF8*$!
{
	archiveVersion = 1;
	classes = {
	};
	objectVersion = 48;
	objects = {

/* Begin PBXBuildFile section */
		30BA2821202297E500F78E68 /* AppDelegate.swift in Sources */ = {isa = PBXBuildFile; fileRef = 30BA2820202297E500F78E68 /* AppDelegate.swift */; };
		30BA2823202297E500F78E68 /* ViewController.swift in Sources */ = {isa = PBXBuildFile; fileRef = 30BA2822202297E500F78E68 /* ViewController.swift */; };
		30BA2826202297E500F78E68 /* Main.storyboard in Resources */ = {isa = PBXBuildFile; fileRef = 30BA2824202297E500F78E68 /* Main.storyboard */; };
		30BA2828202297E500F78E68 /* Assets.xcassets in Resources */ = {isa = PBXBuildFile; fileRef = 30BA2827202297E500F78E68 /* Assets.xcassets */; };
		30BA282B202297E500F78E68 /* LaunchScreen.storyboard in Resources */ = {isa = PBXBuildFile; fileRef = 30BA2829202297E500F78E68 /* LaunchScreen.storyboard */; };
		30BA2836202297E500F78E68 /* IncrementorTests.swift in Sources */ = {isa = PBXBuildFile; fileRef = 30BA2835202297E500F78E68 /* IncrementorTests.swift */; };
		30BA2841202297E500F78E68 /* IncrementorUITests.swift in Sources */ = {isa = PBXBuildFile; fileRef = 30BA2840202297E500F78E68 /* IncrementorUITests.swift */; };
/* End PBXBuildFile section */

/* Begin PBXContainerItemProxy section */
		30BA2832202297E500F78E68 /* PBXContainerItemProxy */ = {
			isa = PBXContainerItemProxy;
			containerPortal = 30BA2815202297E500F78E68 /* Project object */;
			proxyType = 1;
			remoteGlobalIDString = 30BA281C202297E500F78E68;
			remoteInfo = Incrementor;
		};
		30BA283D202297E500F78E68 /* PBXContainerItemProxy */ = {
			isa = PBXContainerItemProxy;
			containerPortal = 30BA2815202297E500F78E68 /* Project object */;
			proxyType = 1;
			remoteGlobalIDString = 30BA281C202297E500F78E68;
			remoteInfo = Incrementor;
		};
/* End PBXContainerItemProxy section */

/* Begin PBXFileReference section */
		30BA281D202297E500F78E68 /* Incrementor.app */ = {isa = PBXFileReference; explicitFileType = wrapper.application; includeInIndex = 0; path = Incrementor.app; sourceTree = BUILT_PRODUCTS_DIR; };
		30BA2820202297E500F78E68 /* AppDelegate.swift */ = {isa = PBXFileReference; lastKnownFileType = sourcecode.swift; path = AppDelegate.swift; sourceTree = "<group>"; };
		30BA2822202297E500F78E68 /* ViewController.swift */ = {isa = PBXFileReference; lastKnownFileType = sourcecode.swift; path = ViewController.swift; sourceTree = "<group>"; };
		30BA2825202297E500F78E68 /* Base */ = {isa = PBXFileReference; lastKnownFileType = file.storyboard; name = Base; path = Base.lproj/Main.storyboard; sourceTree = "<group>"; };
		30BA2827202297E500F78E68 /* Assets.xcassets */ = {isa = PBXFileReference; lastKnownFileType = folder.assetcatalog; path = Assets.xcassets; sourceTree = "<group>"; };
		30BA282A202297E500F78E68 /* Base */ = {isa = PBXFileReference; lastKnownFileType = file.storyboard; name = Base; path = Base.lproj/LaunchScreen.storyboard; sourceTree = "<group>"; };
		30BA282C202297E500F78E68 /* Info.plist */ = {isa = PBXFileReference; lastKnownFileType = text.plist.xml; path = Info.plist; sourceTree = "<group>"; };
		30BA2831202297E500F78E68 /* IncrementorTests.xctest */ = {isa = PBXFileReference; explicitFileType = wrapper.cfbundle; includeInIndex = 0; path = IncrementorTests.xctest; sourceTree = BUILT_PRODUCTS_DIR; };
		30BA2835202297E500F78E68 /* IncrementorTests.swift */ = {isa = PBXFileReference; lastKnownFileType = sourcecode.swift; path = IncrementorTests.swift; sourceTree = "<group>"; };
		30BA2837202297E500F78E68 /* Info.plist */ = {isa = PBXFileReference; lastKnownFileType = text.plist.xml; path = Info.plist; sourceTree = "<group>"; };
		30BA283C202297E500F78E68 /* IncrementorUITests.xctest */ = {isa = PBXFileReference; explicitFileType = wrapper.cfbundle; includeInIndex = 0; path = IncrementorUITests.xctest; sourceTree = BUILT_PRODUCTS_DIR; };
		30BA2840202297E500F78E68 /* IncrementorUITests.swift */ = {isa = PBXFileReference; lastKnownFileType = sourcecode.swift; path = IncrementorUITests.swift; sourceTree = "<group>"; };
		30BA2842202297E500F78E68 /* Info.plist */ = {isa = PBXFileReference; lastKnownFileType = text.plist.xml; path = Info.plist; sourceTree = "<group>"; };
/* End PBXFileReference section */

/* Begin PBXFrameworksBuildPhase section */
		30BA281A202297E500F78E68 /* Frameworks */ = {
			isa = PBXFrameworksBuildPhase;
			buildActionMask = 2147483647;
			files = (
			);
			runOnlyForDeploymentPostprocessing = 0;
		};
		30BA282E202297E500F78E68 /* Frameworks */ = {
			isa = PBXFrameworksBuildPhase;
			buildActionMask = 2147483647;
			files = (
			);
			runOnlyForDeploymentPostprocessing = 0;
		};
		30BA2839202297E500F78E68 /* Frameworks */ = {
			isa = PBXFrameworksBuildPhase;
			buildActionMask = 2147483647;
			files = (
			);
			runOnlyForDeploymentPostprocessing = 0;
		};
/* End PBXFrameworksBuildPhase section */

/* Begin PBXGroup section */
		30BA2814202297E500F78E68 = {
			isa = PBXGroup;
			children = (
				30BA281F202297E500F78E68 /* Incrementor */,
				30BA2834202297E500F78E68 /* IncrementorTests */,
				30BA283F202297E500F78E68 /* IncrementorUITests */,
				30BA281E202297E500F78E68 /* Products */,
			);
			sourceTree = "<group>";
		};
		30BA281E202297E500F78E68 /* Products */ = {
			isa = PBXGroup;
			children = (
				30BA281D202297E500F78E68 /* Incrementor.app */,
				30BA2831202297E500F78E68 /* IncrementorTests.xctest */,
				30BA283C202297E500F78E68 /* IncrementorUITests.xctest */,
			);
			name = Products;
			sourceTree = "<group>";
		};
		30BA281F202297E500F78E68 /* Incrementor */ = {
			isa = PBXGroup;
			children = (
				30BA2820202297E500F78E68 /* AppDelegate.swift */,
				30BA2822202297E500F78E68 /* ViewController.swift */,
				30BA2824202297E500F78E68 /* Main.storyboard */,
				30BA2827202297E500F78E68 /* Assets.xcassets */,
				30BA2829202297E500F78E68 /* LaunchScreen.storyboard */,
				30BA282C202297E500F78E68 /* Info.plist */,
			);
			path = Incrementor;
			sourceTree = "<group>";
		};
		30BA2834202297E500F78E68 /* IncrementorTests */ = {
			isa = PBXGroup;
			children = (
				30BA2835202297E500F78E68 /* IncrementorTests.swift */,
				30BA2837202297E500F78E68 /* Info.plist */,
			);
			path = IncrementorTests;
			sourceTree = "<group>";
		};
		30BA283F202297E500F78E68 /* IncrementorUITests */ = {
			isa = PBXGroup;
			children = (
				30BA2840202297E500F78E68 /* IncrementorUITests.swift */,
				30BA2842202297E500F78E68 /* Info.plist */,
			);
			path = IncrementorUITests;
			sourceTree = "<group>";
		};
/* End PBXGroup section */

/* Begin PBXNativeTarget section */
		30BA281C202297E500F78E68 /* Incrementor */ = {
			isa = PBXNativeTarget;
			buildConfigurationList = 30BA2845202297E500F78E68 /* Build configuration list for PBXNativeTarget "Incrementor" */;
			buildPhases = (
				30BA2819202297E500F78E68 /* Sources */,
				30BA281A202297E500F78E68 /* Frameworks */,
				30BA281B202297E500F78E68 /* Resources */,
			);
			buildRules = (
			);
			dependencies = (
			);
			name = Incrementor;
			productName = Incrementor;
			productReference = 30BA281D202297E500F78E68 /* Incrementor.app */;
			productType = "com.apple.product-type.application";
		};
		30BA2830202297E500F78E68 /* IncrementorTests */ = {
			isa = PBXNativeTarget;
			buildConfigurationList = 30BA2848202297E500F78E68 /* Build configuration list for PBXNativeTarget "IncrementorTests" */;
			buildPhases = (
				30BA282D202297E500F78E68 /* Sources */,
				30BA282E202297E500F78E68 /* Frameworks */,
				30BA282F202297E500F78E68 /* Resources */,
			);
			buildRules = (
			);
			dependencies = (
				30BA2833202297E500F78E68 /* PBXTargetDependency */,
			);
			name = IncrementorTests;
			productName = IncrementorTests;
			productReference = 30BA2831202297E500F78E68 /* IncrementorTests.xctest */;
			productType = "com.apple.product-type.bundle.unit-test";
		};
		30BA283B202297E500F78E68 /* IncrementorUITests */ = {
			isa = PBXNativeTarget;
			buildConfigurationList = 30BA284B202297E500F78E68 /* Build configuration list for PBXNativeTarget "IncrementorUITests" */;
			buildPhases = (
				30BA2838202297E500F78E68 /* Sources */,
				30BA2839202297E500F78E68 /* Frameworks */,
				30BA283A202297E500F78E68 /* Resources */,
			);
			buildRules = (
			);
			dependencies = (
				30BA283E202297E500F78E68 /* PBXTargetDependency */,
			);
			name = IncrementorUITests;
			productName = IncrementorUITests;
			productReference = 30BA283C202297E500F78E68 /* IncrementorUITests.xctest */;
			productType = "com.apple.product-type.bundle.ui-testing";
		};
/* End PBXNativeTarget section */

/* Begin PBXProject section */
		30BA2815202297E500F78E68 /* Project object */ = {
			isa = PBXProject;
			attributes = {
				LastSwiftUpdateCheck = 0920;
				LastUpgradeCheck = 0920;
				ORGANIZATIONNAME = BManshilin;
				TargetAttributes = {
					30BA281C202297E500F78E68 = {
						CreatedOnToolsVersion = 9.2;
						ProvisioningStyle = Automatic;
					};
					30BA2830202297E500F78E68 = {
						CreatedOnToolsVersion = 9.2;
						ProvisioningStyle = Automatic;
						TestTargetID = 30BA281C202297E500F78E68;
					};
					30BA283B202297E500F78E68 = {
						CreatedOnToolsVersion = 9.2;
						ProvisioningStyle = Automatic;
						TestTargetID = 30BA281C202297E500F78E68;
					};
				};
			};
			buildConfigurationList = 30BA2818202297E500F78E68 /* Build configuration list for PBXProject "Incrementor" */;
			compatibilityVersion = "Xcode 8.0";
			developmentRegion = en;
			hasScannedForEncodings = 0;
			knownRegions = (
				en,
				Base,
			);
			mainGroup = 30BA2814202297E500F78E68;
			productRefGroup = 30BA281E202297E500F78E68 /* Products */;
			projectDirPath = "";
			projectRoot = "";
			targets = (
				30BA281C202297E500F78E68 /* Incrementor */,
				30BA2830202297E500F78E68 /* IncrementorTests */,
				30BA283B202297E500F78E68 /* IncrementorUITests */,
			);
		};
/* End PBXProject section */

/* Begin PBXResourcesBuildPhase section */
		30BA281B202297E500F78E68 /* Resources */ = {
			isa = PBXResourcesBuildPhase;
			buildActionMask = 2147483647;
			files = (
				30BA282B202297E500F78E68 /* LaunchScreen.storyboard in Resources */,
				30BA2828202297E500F78E68 /* Assets.xcassets in Resources */,
				30BA2826202297E500F78E68 /* Main.storyboard in Resources */,
			);
			runOnlyForDeploymentPostprocessing = 0;
		};
		30BA282F202297E500F78E68 /* Resources */ = {
			isa = PBXResourcesBuildPhase;
			buildActionMask = 2147483647;
			files = (
			);
			runOnlyForDeploymentPostprocessing = 0;
		};
		30BA283A202297E500F78E68 /* Resources */ = {
			isa = PBXResourcesBuildPhase;
			buildActionMask = 2147483647;
			files = (
			);
			runOnlyForDeploymentPostprocessing = 0;
		};
/* End PBXResourcesBuildPhase section */

/* Begin PBXSourcesBuildPhase section */
		30BA2819202297E500F78E68 /* Sources */ = {
			isa = PBXSourcesBuildPhase;
			buildActionMask = 2147483647;
			files = (
				30BA2823202297E500F78E68 /* ViewController.swift in Sources */,
				30BA2821202297E500F78E68 /* AppDelegate.swift in Sources */,
			);
			runOnlyForDeploymentPostprocessing = 0;
		};
		30BA282D202297E500F78E68 /* Sources */ = {
			isa = PBXSourcesBuildPhase;
			buildActionMask = 2147483647;
			files = (
				30BA2836202297E500F78E68 /* IncrementorTests.swift in Sources */,
			);
			runOnlyForDeploymentPostprocessing = 0;
		};
		30BA2838202297E500F78E68 /* Sources */ = {
			isa = PBXSourcesBuildPhase;
			buildActionMask = 2147483647;
			files = (
				30BA2841202297E500F78E68 /* IncrementorUITests.swift in Sources */,
			);
			runOnlyForDeploymentPostprocessing = 0;
		};
/* End PBXSourcesBuildPhase section */

/* Begin PBXTargetDependency section */
		30BA2833202297E500F78E68 /* PBXTargetDependency */ = {
			isa = PBXTargetDependency;
			target = 30BA281C202297E500F78E68 /* Incrementor */;
			targetProxy = 30BA2832202297E500F78E68 /* PBXContainerItemProxy */;
		};
		30BA283E202297E500F78E68 /* PBXTargetDependency */ = {
			isa = PBXTargetDependency;
			target = 30BA281C202297E500F78E68 /* Incrementor */;
			targetProxy = 30BA283D202297E500F78E68 /* PBXContainerItemProxy */;
		};
/* End PBXTargetDependency section */

/* Begin PBXVariantGroup section */
		30BA2824202297E500F78E68 /* Main.storyboard */ = {
			isa = PBXVariantGroup;
			children = (
				30BA2825202297E500F78E68 /* Base */,
			);
			name = Main.storyboard;
			sourceTree = "<group>";
		};
		30BA2829202297E500F78E68 /* LaunchScreen.storyboard */ = {
			isa = PBXVariantGroup;
			children = (
				30BA282A202297E500F78E68 /* Base */,
			);
			name = LaunchScreen.storyboard;
			sourceTree = "<group>";
		};
/* End PBXVariantGroup section */

/* Begin XCBuildConfiguration section */
		30BA2843202297E500F78E68 /* Debug */ = {
			isa = XCBuildConfiguration;
			buildSettings = {
				ALWAYS_SEARCH_USER_PATHS = NO;
				CLANG_ANALYZER_NONNULL = YES;
				CLANG_ANALYZER_NUMBER_OBJECT_CONVERSION = YES_AGGRESSIVE;
				CLANG_CXX_LANGUAGE_STANDARD = "gnu++14";
				CLANG_CXX_LIBRARY = "libc++";
				CLANG_ENABLE_MODULES = YES;
				CLANG_ENABLE_OBJC_ARC = YES;
				CLANG_WARN_BLOCK_CAPTURE_AUTORELEASING = YES;
				CLANG_WARN_BOOL_CONVERSION = YES;
				CLANG_WARN_COMMA = YES;
				CLANG_WARN_CONSTANT_CONVERSION = YES;
				CLANG_WARN_DIRECT_OBJC_ISA_USAGE = YES_ERROR;
				CLANG_WARN_DOCUMENTATION_COMMENTS = YES;
				CLANG_WARN_EMPTY_BODY = YES;
				CLANG_WARN_ENUM_CONVERSION = YES;
				CLANG_WARN_INFINITE_RECURSION = YES;
				CLANG_WARN_INT_CONVERSION = YES;
				CLANG_WARN_NON_LITERAL_NULL_CONVERSION = YES;
				CLANG_WARN_OBJC_LITERAL_CONVERSION = YES;
				CLANG_WARN_OBJC_ROOT_CLASS = YES_ERROR;
				CLANG_WARN_RANGE_LOOP_ANALYSIS = YES;
				CLANG_WARN_STRICT_PROTOTYPES = YES;
				CLANG_WARN_SUSPICIOUS_MOVE = YES;
				CLANG_WARN_UNGUARDED_AVAILABILITY = YES_AGGRESSIVE;
				CLANG_WARN_UNREACHABLE_CODE = YES;
				CLANG_WARN__DUPLICATE_METHOD_MATCH = YES;
				CODE_SIGN_IDENTITY = "iPhone Developer";
				COPY_PHASE_STRIP = NO;
				DEBUG_INFORMATION_FORMAT = dwarf;
				ENABLE_STRICT_OBJC_MSGSEND = YES;
				ENABLE_TESTABILITY = YES;
				GCC_C_LANGUAGE_STANDARD = gnu11;
				GCC_DYNAMIC_NO_PIC = NO;
				GCC_NO_COMMON_BLOCKS = YES;
				GCC_OPTIMIZATION_LEVEL = 0;
				GCC_PREPROCESSOR_DEFINITIONS = (
					"DEBUG=1",
					"$(inherited)",
				);
				GCC_WARN_64_TO_32_BIT_CONVERSION = YES;
				GCC_WARN_ABOUT_RETURN_TYPE = YES_ERROR;
				GCC_WARN_UNDECLARED_SELECTOR = YES;
				GCC_WARN_UNINITIALIZED_AUTOS = YES_AGGRESSIVE;
				GCC_WARN_UNUSED_FUNCTION = YES;
				GCC_WARN_UNUSED_VARIABLE = YES;
				IPHONEOS_DEPLOYMENT_TARGET = 11.2;
				MTL_ENABLE_DEBUG_INFO = YES;
				ONLY_ACTIVE_ARCH = YES;
				SDKROOT = iphoneos;
				SWIFT_ACTIVE_COMPILATION_CONDITIONS = DEBUG;
				SWIFT_OPTIMIZATION_LEVEL = "-Onone";
			};
			name = Debug;
		};
		30BA2844202297E500F78E68 /* Release */ = {
			isa = XCBuildConfiguration;
			buildSettings = {
				ALWAYS_SEARCH_USER_PATHS = NO;
				CLANG_ANALYZER_NONNULL = YES;
				CLANG_ANALYZER_NUMBER_OBJECT_CONVERSION = YES_AGGRESSIVE;
				CLANG_CXX_LANGUAGE_STANDARD = "gnu++14";
				CLANG_CXX_LIBRARY = "libc++";
				CLANG_ENABLE_MODULES = YES;
				CLANG_ENABLE_OBJC_ARC = YES;
				CLANG_WARN_BLOCK_CAPTURE_AUTORELEASING = YES;
				CLANG_WARN_BOOL_CONVERSION = YES;
				CLANG_WARN_COMMA = YES;
				CLANG_WARN_CONSTANT_CONVERSION = YES;
				CLANG_WARN_DIRECT_OBJC_ISA_USAGE = YES_ERROR;
				CLANG_WARN_DOCUMENTATION_COMMENTS = YES;
				CLANG_WARN_EMPTY_BODY = YES;
				CLANG_WARN_ENUM_CONVERSION = YES;
				CLANG_WARN_INFINITE_RECURSION = YES;
				CLANG_WARN_INT_CONVERSION = YES;
				CLANG_WARN_NON_LITERAL_NULL_CONVERSION = YES;
				CLANG_WARN_OBJC_LITERAL_CONVERSION = YES;
				CLANG_WARN_OBJC_ROOT_CLASS = YES_ERROR;
				CLANG_WARN_RANGE_LOOP_ANALYSIS = YES;
				CLANG_WARN_STRICT_PROTOTYPES = YES;
				CLANG_WARN_SUSPICIOUS_MOVE = YES;
				CLANG_WARN_UNGUARDED_AVAILABILITY = YES_AGGRESSIVE;
				CLANG_WARN_UNREACHABLE_CODE = YES;
				CLANG_WARN__DUPLICATE_METHOD_MATCH = YES;
				CODE_SIGN_IDENTITY = "iPhone Developer";
				COPY_PHASE_STRIP = NO;
				DEBUG_INFORMATION_FORMAT = "dwarf-with-dsym";
				ENABLE_NS_ASSERTIONS = NO;
				ENABLE_STRICT_OBJC_MSGSEND = YES;
				GCC_C_LANGUAGE_STANDARD = gnu11;
				GCC_NO_COMMON_BLOCKS = YES;
				GCC_WARN_64_TO_32_BIT_CONVERSION = YES;
				GCC_WARN_ABOUT_RETURN_TYPE = YES_ERROR;
				GCC_WARN_UNDECLARED_SELECTOR = YES;
				GCC_WARN_UNINITIALIZED_AUTOS = YES_AGGRESSIVE;
				GCC_WARN_UNUSED_FUNCTION = YES;
				GCC_WARN_UNUSED_VARIABLE = YES;
				IPHONEOS_DEPLOYMENT_TARGET = 11.2;
				MTL_ENABLE_DEBUG_INFO = NO;
				SDKROOT = iphoneos;
				SWIFT_OPTIMIZATION_LEVEL = "-Owholemodule";
				VALIDATE_PRODUCT = YES;
			};
			name = Release;
		};
		30BA2846202297E500F78E68 /* Debug */ = {
			isa = XCBuildConfiguration;
			buildSettings = {
				ASSETCATALOG_COMPILER_APPICON_NAME = AppIcon;
				CODE_SIGN_STYLE = Automatic;
				DEVELOPMENT_TEAM = DDN2V9TNSF;
				INFOPLIST_FILE = Incrementor/Info.plist;
				LD_RUNPATH_SEARCH_PATHS = "$(inherited) @executable_path/Frameworks";
				PRODUCT_BUNDLE_IDENTIFIER = com.manshilin.Incrementor;
				PRODUCT_NAME = "$(TARGET_NAME)";
				SWIFT_VERSION = 4.0;
				TARGETED_DEVICE_FAMILY = "1,2";
			};
			name = Debug;
		};
		30BA2847202297E500F78E68 /* Release */ = {
			isa = XCBuildConfiguration;
			buildSettings = {
				ASSETCATALOG_COMPILER_APPICON_NAME = AppIcon;
				CODE_SIGN_STYLE = Automatic;
				DEVELOPMENT_TEAM = DDN2V9TNSF;
				INFOPLIST_FILE = Incrementor/Info.plist;
				LD_RUNPATH_SEARCH_PATHS = "$(inherited) @executable_path/Frameworks";
				PRODUCT_BUNDLE_IDENTIFIER = com.manshilin.Incrementor;
				PRODUCT_NAME = "$(TARGET_NAME)";
				SWIFT_VERSION = 4.0;
				TARGETED_DEVICE_FAMILY = "1,2";
			};
			name = Release;
		};
		30BA2849202297E500F78E68 /* Debug */ = {
			isa = XCBuildConfiguration;
			buildSettings = {
				ALWAYS_EMBED_SWIFT_STANDARD_LIBRARIES = YES;
				BUNDLE_LOADER = "$(TEST_HOST)";
				CODE_SIGN_STYLE = Automatic;
				DEVELOPMENT_TEAM = DDN2V9TNSF;
				INFOPLIST_FILE = IncrementorTests/Info.plist;
				LD_RUNPATH_SEARCH_PATHS = "$(inherited) @executable_path/Frameworks @loader_path/Frameworks";
				PRODUCT_BUNDLE_IDENTIFIER = com.manshilin.IncrementorTests;
				PRODUCT_NAME = "$(TARGET_NAME)";
				SWIFT_VERSION = 4.0;
				TARGETED_DEVICE_FAMILY = "1,2";
				TEST_HOST = "$(BUILT_PRODUCTS_DIR)/Incrementor.app/Incrementor";
			};
			name = Debug;
		};
		30BA284A202297E500F78E68 /* Release */ = {
			isa = XCBuildConfiguration;
			buildSettings = {
				ALWAYS_EMBED_SWIFT_STANDARD_LIBRARIES = YES;
				BUNDLE_LOADER = "$(TEST_HOST)";
				CODE_SIGN_STYLE = Automatic;
				DEVELOPMENT_TEAM = DDN2V9TNSF;
				INFOPLIST_FILE = IncrementorTests/Info.plist;
				LD_RUNPATH_SEARCH_PATHS = "$(inherited) @executable_path/Frameworks @loader_path/Frameworks";
				PRODUCT_BUNDLE_IDENTIFIER = com.manshilin.IncrementorTests;
				PRODUCT_NAME = "$(TARGET_NAME)";
				SWIFT_VERSION = 4.0;
				TARGETED_DEVICE_FAMILY = "1,2";
				TEST_HOST = "$(BUILT_PRODUCTS_DIR)/Incrementor.app/Incrementor";
			};
			name = Release;
		};
		30BA284C202297E500F78E68 /* Debug */ = {
			isa = XCBuildConfiguration;
			buildSettings = {
				ALWAYS_EMBED_SWIFT_STANDARD_LIBRARIES = YES;
				CODE_SIGN_STYLE = Automatic;
				DEVELOPMENT_TEAM = DDN2V9TNSF;
				INFOPLIST_FILE = IncrementorUITests/Info.plist;
				LD_RUNPATH_SEARCH_PATHS = "$(inherited) @executable_path/Frameworks @loader_path/Frameworks";
				PRODUCT_BUNDLE_IDENTIFIER = com.manshilin.IncrementorUITests;
				PRODUCT_NAME = "$(TARGET_NAME)";
				SWIFT_VERSION = 4.0;
				TARGETED_DEVICE_FAMILY = "1,2";
				TEST_TARGET_NAME = Incrementor;
			};
			name = Debug;
		};
		30BA284D202297E500F78E68 /* Release */ = {
			isa = XCBuildConfiguration;
			buildSettings = {
				ALWAYS_EMBED_SWIFT_STANDARD_LIBRARIES = YES;
				CODE_SIGN_STYLE = Automatic;
				DEVELOPMENT_TEAM = DDN2V9TNSF;
				INFOPLIST_FILE = IncrementorUITests/Info.plist;
				LD_RUNPATH_SEARCH_PATHS = "$(inherited) @executable_path/Frameworks @loader_path/Frameworks";
				PRODUCT_BUNDLE_IDENTIFIER = com.manshilin.IncrementorUITests;
				PRODUCT_NAME = "$(TARGET_NAME)";
				SWIFT_VERSION = 4.0;
				TARGETED_DEVICE_FAMILY = "1,2";
				TEST_TARGET_NAME = Incrementor;
			};
			name = Release;
		};
/* End XCBuildConfiguration section */

/* Begin XCConfigurationList section */
		30BA2818202297E500F78E68 /* Build configuration list for PBXProject "Incrementor" */ = {
			isa = XCConfigurationList;
			buildConfigurations = (
				30BA2843202297E500F78E68 /* Debug */,
				30BA2844202297E500F78E68 /* Release */,
			);
			defaultConfigurationIsVisible = 0;
			defaultConfigurationName = Release;
		};
		30BA2845202297E500F78E68 /* Build configuration list for PBXNativeTarget "Incrementor" */ = {
			isa = XCConfigurationList;
			buildConfigurations = (
				30BA2846202297E500F78E68 /* Debug */,
				30BA2847202297E500F78E68 /* Release */,
			);
			defaultConfigurationIsVisible = 0;
			defaultConfigurationName = Release;
		};
		30BA2848202297E500F78E68 /* Build configuration list for PBXNativeTarget "IncrementorTests" */ = {
			isa = XCConfigurationList;
			buildConfigurations = (
				30BA2849202297E500F78E68 /* Debug */,
				30BA284A202297E500F78E68 /* Release */,
			);
			defaultConfigurationIsVisible = 0;
			defaultConfigurationName = Release;
		};
		30BA284B202297E500F78E68 /* Build configuration list for PBXNativeTarget "IncrementorUITests" */ = {
			isa = XCConfigurationList;
			buildConfigurations = (
				30BA284C202297E500F78E68 /* Debug */,
				30BA284D202297E500F78E68 /* Release */,
			);
			defaultConfigurationIsVisible = 0;
			defaultConfigurationName = Release;
		};
/* End XCConfigurationList section */
	};
	rootObject = 30BA2815202297E500F78E68 /* Project object */;
}
